Microsoft Visual Studio Solution File, Format Version 12.00
# Visual Studio Version 17
VisualStudioVersion = 17.5.2.0
MinimumVisualStudioVersion = 10.0.40219.1
Project("{FAE04EC0-301F-11D3-BF4B-00C04F79EFBC}") = "mcp-server-todo-list", "mcp-server-todo-list.csproj", "{D7025537-7E95-D26A-63AA-F32A80866CD3}"
EndProject
Global
	GlobalSection(SolutionConfigurationPlatforms) = preSolution
		Debug|Any CPU = Debug|Any CPU
		Release|Any CPU = Release|Any CPU
	EndGlobalSection
	GlobalSection(ProjectConfigurationPlatforms) = postSolution
		{D7025537-7E95-D26A-63AA-F32A80866CD3}.Debug|Any CPU.ActiveCfg = Debug|Any CPU
		{D7025537-7E95-D26A-63AA-F32A80866CD3}.Debug|Any CPU.Build.0 = Debug|Any CPU
		{D7025537-7E95-D26A-63AA-F32A80866CD3}.Release|Any CPU.ActiveCfg = Release|Any CPU
		{D7025537-7E95-D26A-63AA-F32A80866CD3}.Release|Any CPU.Build.0 = Release|Any CPU
	EndGlobalSection
	GlobalSection(SolutionProperties) = preSolution
		HideSolutionNode = FALSE
	EndGlobalSection
	GlobalSection(ExtensibilityGlobals) = postSolution
		SolutionGuid = {270D298F-4AF9-4312-BA35-2DB919EE5CC3}
	EndGlobalSection
EndGlobal
